
Microsoft Visual Studio Solution File, Format Version 12.00
# Visual Studio Version 16
VisualStudioVersion = 16.0.32510.428
MinimumVisualStudioVersion = 10.0.40219.1
Project("{FAE04EC0-301F-11D3-BF4B-00C04F79EFBC}") = "StavyaLabs", "StavyaLabs.csproj", "{5274964A-888E-4094-B8CF-689976935853}"
EndProject
Global
	GlobalSection(SolutionConfigurationPlatforms) = preSolution
		Debug|Any CPU = Debug|Any CPU
		Release|Any CPU = Release|Any CPU
	EndGlobalSection
	GlobalSection(ProjectConfigurationPlatforms) = postSolution
		{5274964A-888E-4094-B8CF-689976935853}.Debug|Any CPU.ActiveCfg = Debug|Any CPU
		{5274964A-888E-4094-B8CF-689976935853}.Debug|Any CPU.Build.0 = Debug|Any CPU
		{5274964A-888E-4094-B8CF-689976935853}.Release|Any CPU.ActiveCfg = Release|Any CPU
		{5274964A-888E-4094-B8CF-689976935853}.Release|Any CPU.Build.0 = Release|Any CPU
	EndGlobalSection
	GlobalSection(SolutionProperties) = preSolution
		HideSolutionNode = FALSE
	EndGlobalSection
	GlobalSection(ExtensibilityGlobals) = postSolution
		SolutionGuid = {D1A21B54-63DC-4DD3-A34C-A380AE527F18}
	EndGlobalSection
EndGlobal
